<Solution>
  <Folder Name="/src/">
    <Project Path="src/EngramMcp.Host/EngramMcp.Host.csproj" />
    <Project Path="src/EngramMcp.Tools/EngramMcp.Tools.csproj" />
  </Folder>
  <Folder Name="/tests/">
    <Project Path="tests/EngramMcp.Tools.Tests/EngramMcp.Tools.Tests.csproj" />
  </Folder>
</Solution>
